{
  "nodes": {
    "fenix": {
      "inputs": {
        "nixpkgs": "nixpkgs",
        "rust-analyzer-src": "rust-analyzer-src"
      },
      "locked": {
        "lastModified": 1665623581,
        "narHash": "sha256-U7kng2ezsprFPqdUT2QPxIK1RajXcqR3k8g5v30jmEA=",
        "owner": "nix-community",
        "repo": "fenix",
        "rev": "3ca16ff614446b557675651736c0f2c2254742b2",
        "type": "github"
      },
      "original": {
        "id": "fenix",
        "type": "indirect"
      }
    },
    "flake-utils": {
      "locked": {
        "lastModified": 1656928814,
        "narHash": "sha256-RIFfgBuKz6Hp89yRr7+NR5tzIAbn52h8vT6vXkYjZoM=",
        "owner": "numtide",
        "repo": "flake-utils",
        "rev": "7e2a3b3dfd9af950a856d66b0a7d01e3c18aa249",
        "type": "github"
      },
      "original": {
        "owner": "numtide",
        "repo": "flake-utils",
        "type": "github"
      }
    },
    "nixpkgs": {
      "locked": {
        "lastModified": 1665449268,
        "narHash": "sha256-cw4xrQIAZUyJGj58Dp5VLICI0rscd+uap83afiFzlcA=",
        "owner": "nixos",
        "repo": "nixpkgs",
        "rev": "285e77efe87df64105ec14b204de6636fb0a7a27",
        "type": "github"
      },
      "original": {
        "owner": "nixos",
        "ref": "nixos-unstable",
        "repo": "nixpkgs",
        "type": "github"
      }
    },
    "nixpkgs_2": {
      "locked": {
        "lastModified": 1657447684,
        "narHash": "sha256-FCP9AuU1q6PE3vOeM5SFf58f/UKPBAsoSGDUGamNBbo=",
        "owner": "NixOS",
        "repo": "nixpkgs",
        "rev": "5f43d8b088d3771274bcfb69d3c7435b1121ac88",
        "type": "github"
      },
      "original": {
        "id": "nixpkgs",
        "ref": "nixos-unstable",
        "type": "indirect"
      }
    },
    "root": {
      "inputs": {
        "fenix": "fenix",
        "flake-utils": "flake-utils",
        "nixpkgs": "nixpkgs_2"
      }
    },
    "rust-analyzer-src": {
      "flake": false,
      "locked": {
        "lastModified": 1657557289,
        "narHash": "sha256-PRW+nUwuqNTRAEa83SfX+7g+g8nQ+2MMbasQ9nt6+UM=",
        "owner": "rust-lang",
        "repo": "rust-analyzer",
        "rev": "caf23f29144b371035b864a1017dbc32573ad56d",
        "type": "github"
      },
      "original": {
        "owner": "rust-lang",
        "ref": "nightly",
        "repo": "rust-analyzer",
        "type": "github"
      }
    }
  },
  "root": "root",
  "version": 7
}
